
Microsoft Visual Studio Solution File, Format Version 12.00
# Visual Studio Version 16
VisualStudioVersion = 16.0.31624.102
MinimumVisualStudioVersion = 10.0.40219.1
Project("{FAE04EC0-301F-11D3-BF4B-00C04F79EFBC}") = "HWLesson3", "HWLesson3\HWLesson3.csproj", "{5D3FD228-1B3D-4141-8B29-A4A2420ADEEE}"
EndProject
Global
	GlobalSection(SolutionConfigurationPlatforms) = preSolution
		Debug|Any CPU = Debug|Any CPU
		Release|Any CPU = Release|Any CPU
	EndGlobalSection
	GlobalSection(ProjectConfigurationPlatforms) = postSolution
		{5D3FD228-1B3D-4141-8B29-A4A2420ADEEE}.Debug|Any CPU.ActiveCfg = Debug|Any CPU
		{5D3FD228-1B3D-4141-8B29-A4A2420ADEEE}.Debug|Any CPU.Build.0 = Debug|Any CPU
		{5D3FD228-1B3D-4141-8B29-A4A2420ADEEE}.Release|Any CPU.ActiveCfg = Release|Any CPU
		{5D3FD228-1B3D-4141-8B29-A4A2420ADEEE}.Release|Any CPU.Build.0 = Release|Any CPU
	EndGlobalSection
	GlobalSection(SolutionProperties) = preSolution
		HideSolutionNode = FALSE
	EndGlobalSection
	GlobalSection(ExtensibilityGlobals) = postSolution
		SolutionGuid = {DCCB1E49-8060-473B-8B96-AA09D0F39504}
	EndGlobalSection
EndGlobal
